
Microsoft Visual Studio Solution File, Format Version 12.00
# Visual Studio Version 17
VisualStudioVersion = 17.14.36202.13
MinimumVisualStudioVersion = 10.0.40219.1
Project("{FAE04EC0-301F-11D3-BF4B-00C04F79EFBC}") = "BlueCgProcessMonitor", "BlueCgProcessMonitor\BlueCgProcessMonitor.csproj", "{5D6DE05D-9C38-4640-9C1F-7792997967AE}"
EndProject
Project("{2150E333-8FDC-42A3-9474-1A3956D46DE8}") = "方案項目", "方案項目", "{8DDC4786-5FC8-F15C-1CA5-9F41FD4BEB75}"
	ProjectSection(SolutionItems) = preProject
		App.config = App.config
		packet_config_item.cs = packet_config_item.cs
		PacketConfigClasses.cs = PacketConfigClasses.cs
		process_monitor_item.cs = process_monitor_item.cs
		ProcessMonitorItem.cs = ProcessMonitorItem.cs
	EndProjectSection
EndProject
Project("{FAE04EC0-301F-11D3-BF4B-00C04F79EFBC}") = "AddProcessDialog", "AddProcessDialog\AddProcessDialog.csproj", "{D8D59C52-72BF-4D50-A907-32E70572401F}"
EndProject
Project("{FAE04EC0-301F-11D3-BF4B-00C04F79EFBC}") = "PacketConfigDialog", "PacketConfigDialog\PacketConfigDialog.csproj", "{131908F2-3FD0-4AF9-B87C-8F8F5394A997}"
EndProject
Global
	GlobalSection(SolutionConfigurationPlatforms) = preSolution
		Debug|Any CPU = Debug|Any CPU
		Release|Any CPU = Release|Any CPU
	EndGlobalSection
	GlobalSection(ProjectConfigurationPlatforms) = postSolution
		{5D6DE05D-9C38-4640-9C1F-7792997967AE}.Debug|Any CPU.ActiveCfg = Debug|Any CPU
		{5D6DE05D-9C38-4640-9C1F-7792997967AE}.Debug|Any CPU.Build.0 = Debug|Any CPU
		{5D6DE05D-9C38-4640-9C1F-7792997967AE}.Release|Any CPU.ActiveCfg = Release|Any CPU
		{5D6DE05D-9C38-4640-9C1F-7792997967AE}.Release|Any CPU.Build.0 = Release|Any CPU
		{D8D59C52-72BF-4D50-A907-32E70572401F}.Debug|Any CPU.ActiveCfg = Debug|Any CPU
		{D8D59C52-72BF-4D50-A907-32E70572401F}.Debug|Any CPU.Build.0 = Debug|Any CPU
		{D8D59C52-72BF-4D50-A907-32E70572401F}.Release|Any CPU.ActiveCfg = Release|Any CPU
		{D8D59C52-72BF-4D50-A907-32E70572401F}.Release|Any CPU.Build.0 = Release|Any CPU
		{131908F2-3FD0-4AF9-B87C-8F8F5394A997}.Debug|Any CPU.ActiveCfg = Debug|Any CPU
		{131908F2-3FD0-4AF9-B87C-8F8F5394A997}.Debug|Any CPU.Build.0 = Debug|Any CPU
		{131908F2-3FD0-4AF9-B87C-8F8F5394A997}.Release|Any CPU.ActiveCfg = Release|Any CPU
		{131908F2-3FD0-4AF9-B87C-8F8F5394A997}.Release|Any CPU.Build.0 = Release|Any CPU
	EndGlobalSection
	GlobalSection(SolutionProperties) = preSolution
		HideSolutionNode = FALSE
	EndGlobalSection
	GlobalSection(ExtensibilityGlobals) = postSolution
		SolutionGuid = {9C9577FF-C9EA-4D7B-ACDB-2CDB095CCD18}
	EndGlobalSection
EndGlobal
